
Microsoft Visual Studio Solution File, Format Version 12.00
# Visual Studio Version 17
VisualStudioVersion = 17.4.33213.308
MinimumVisualStudioVersion = 10.0.40219.1
Project("{FAE04EC0-301F-11D3-BF4B-00C04F79EFBC}") = "StaffAPI", "StaffAPI\StaffAPI.csproj", "{B697A33E-EED5-4DC2-95A3-9273166D3046}"
EndProject
Global
	GlobalSection(SolutionConfigurationPlatforms) = preSolution
		Debug|Any CPU = Debug|Any CPU
		Release|Any CPU = Release|Any CPU
	EndGlobalSection
	GlobalSection(ProjectConfigurationPlatforms) = postSolution
		{B697A33E-EED5-4DC2-95A3-9273166D3046}.Debug|Any CPU.ActiveCfg = Debug|Any CPU
		{B697A33E-EED5-4DC2-95A3-9273166D3046}.Debug|Any CPU.Build.0 = Debug|Any CPU
		{B697A33E-EED5-4DC2-95A3-9273166D3046}.Release|Any CPU.ActiveCfg = Release|Any CPU
		{B697A33E-EED5-4DC2-95A3-9273166D3046}.Release|Any CPU.Build.0 = Release|Any CPU
	EndGlobalSection
	GlobalSection(SolutionProperties) = preSolution
		HideSolutionNode = FALSE
	EndGlobalSection
	GlobalSection(ExtensibilityGlobals) = postSolution
		SolutionGuid = {8C6BF77B-54F9-4C85-AB10-DB5E0D26FD68}
	EndGlobalSection
EndGlobal
